// !$*UTF8*$!
{
	archiveVersion = 1;
	classes = {
	};
	objectVersion = 55;
	objects = {

/* Begin PBXBuildFile section */
		021A5AC126B218340044300F /* main.m in Sources */ = {isa = PBXBuildFile; fileRef = 021A5AC026B218340044300F /* main.m */; };
		021A5AEF26B21AE50044300F /* Utilities.h in Headers */ = {isa = PBXBuildFile; fileRef = 021A5AEE26B21AE50044300F /* Utilities.h */; };
		021A5AF126B21AE60044300F /* Utilities.m in Sources */ = {isa = PBXBuildFile; fileRef = 021A5AF026B21AE50044300F /* Utilities.m */; };
		021A5AF726B21B110044300F /* libUtilities.dylib in Frameworks */ = {isa = PBXBuildFile; fileRef = 021A5AEC26B21AE50044300F /* libUtilities.dylib */; };
		021A5AFA26B21C8F0044300F /* NSString+Utilities.h in Headers */ = {isa = PBXBuildFile; fileRef = 021A5AF826B21C8F0044300F /* NSString+Utilities.h */; };
		021A5AFB26B21C8F0044300F /* NSString+Utilities.m in Sources */ = {isa = PBXBuildFile; fileRef = 021A5AF926B21C8F0044300F /* NSString+Utilities.m */; };
/* End PBXBuildFile section */

/* Begin PBXContainerItemProxy section */
		021A5AF526B21B070044300F /* PBXContainerItemProxy */ = {
			isa = PBXContainerItemProxy;
			containerPortal = 021A5AB526B218340044300F /* Project object */;
			proxyType = 1;
			remoteGlobalIDString = 021A5AEB26B21AE50044300F;
			remoteInfo = Utilities;
		};
/* End PBXContainerItemProxy section */

/* Begin PBXCopyFilesBuildPhase section */
		021A5ABB26B218340044300F /* CopyFiles */ = {
			isa = PBXCopyFilesBuildPhase;
			buildActionMask = 2147483647;
			dstPath = /usr/share/man/man1/;
			dstSubfolderSpec = 0;
			files = (
			);
			runOnlyForDeploymentPostprocessing = 1;
		};
/* End PBXCopyFilesBuildPhase section */

/* Begin PBXFileReference section */
		021A5ABD26B218340044300F /* ExtTest */ = {isa = PBXFileReference; explicitFileType = "compiled.mach-o.executable"; includeInIndex = 0; path = ExtTest; sourceTree = BUILT_PRODUCTS_DIR; };
		021A5AC026B218340044300F /* main.m */ = {isa = PBXFileReference; lastKnownFileType = sourcecode.c.objc; path = main.m; sourceTree = "<group>"; };
		021A5AEC26B21AE50044300F /* libUtilities.dylib */ = {isa = PBXFileReference; explicitFileType = "compiled.mach-o.dylib"; includeInIndex = 0; path = libUtilities.dylib; sourceTree = BUILT_PRODUCTS_DIR; };
		021A5AEE26B21AE50044300F /* Utilities.h */ = {isa = PBXFileReference; lastKnownFileType = sourcecode.c.h; path = Utilities.h; sourceTree = "<group>"; };
		021A5AF026B21AE50044300F /* Utilities.m */ = {isa = PBXFileReference; lastKnownFileType = sourcecode.c.objc; path = Utilities.m; sourceTree = "<group>"; };
		021A5AF826B21C8F0044300F /* NSString+Utilities.h */ = {isa = PBXFileReference; lastKnownFileType = sourcecode.c.h; path = "NSString+Utilities.h"; sourceTree = "<group>"; };
		021A5AF926B21C8F0044300F /* NSString+Utilities.m */ = {isa = PBXFileReference; lastKnownFileType = sourcecode.c.objc; path = "NSString+Utilities.m"; sourceTree = "<group>"; };
/* End PBXFileReference section */

/* Begin PBXFrameworksBuildPhase section */
		021A5ABA26B218340044300F /* Frameworks */ = {
			isa = PBXFrameworksBuildPhase;
			buildActionMask = 2147483647;
			files = (
				021A5AF726B21B110044300F /* libUtilities.dylib in Frameworks */,
			);
			runOnlyForDeploymentPostprocessing = 0;
		};
		021A5AEA26B21AE50044300F /* Frameworks */ = {
			isa = PBXFrameworksBuildPhase;
			buildActionMask = 2147483647;
			files = (
			);
			runOnlyForDeploymentPostprocessing = 0;
		};
/* End PBXFrameworksBuildPhase section */

/* Begin PBXGroup section */
		021A5AB426B218340044300F = {
			isa = PBXGroup;
			children = (
				021A5ABF26B218340044300F /* ExtTest */,
				021A5AED26B21AE50044300F /* Utilities */,
				021A5ABE26B218340044300F /* Products */,
				021A5AE626B21A590044300F /* Frameworks */,
			);
			sourceTree = "<group>";
		};
		021A5ABE26B218340044300F /* Products */ = {
			isa = PBXGroup;
			children = (
				021A5ABD26B218340044300F /* ExtTest */,
				021A5AEC26B21AE50044300F /* libUtilities.dylib */,
			);
			name = Products;
			sourceTree = "<group>";
		};
		021A5ABF26B218340044300F /* ExtTest */ = {
			isa = PBXGroup;
			children = (
				021A5AC026B218340044300F /* main.m */,
			);
			path = ExtTest;
			sourceTree = "<group>";
		};
		021A5AE626B21A590044300F /* Frameworks */ = {
			isa = PBXGroup;
			children = (
			);
			name = Frameworks;
			sourceTree = "<group>";
		};
		021A5AED26B21AE50044300F /* Utilities */ = {
			isa = PBXGroup;
			children = (
				021A5AEE26B21AE50044300F /* Utilities.h */,
				021A5AF026B21AE50044300F /* Utilities.m */,
				021A5AF826B21C8F0044300F /* NSString+Utilities.h */,
				021A5AF926B21C8F0044300F /* NSString+Utilities.m */,
			);
			path = Utilities;
			sourceTree = "<group>";
		};
/* End PBXGroup section */

/* Begin PBXHeadersBuildPhase section */
		021A5AE826B21AE50044300F /* Headers */ = {
			isa = PBXHeadersBuildPhase;
			buildActionMask = 2147483647;
			files = (
				021A5AEF26B21AE50044300F /* Utilities.h in Headers */,
				021A5AFA26B21C8F0044300F /* NSString+Utilities.h in Headers */,
			);
			runOnlyForDeploymentPostprocessing = 0;
		};
/* End PBXHeadersBuildPhase section */

/* Begin PBXNativeTarget section */
		021A5ABC26B218340044300F /* ExtTest */ = {
			isa = PBXNativeTarget;
			buildConfigurationList = 021A5AC426B218340044300F /* Build configuration list for PBXNativeTarget "ExtTest" */;
			buildPhases = (
				021A5AB926B218340044300F /* Sources */,
				021A5ABA26B218340044300F /* Frameworks */,
				021A5ABB26B218340044300F /* CopyFiles */,
			);
			buildRules = (
			);
			dependencies = (
				021A5AF626B21B070044300F /* PBXTargetDependency */,
			);
			name = ExtTest;
			productName = ExtTest;
			productReference = 021A5ABD26B218340044300F /* ExtTest */;
			productType = "com.apple.product-type.tool";
		};
		021A5AEB26B21AE50044300F /* Utilities */ = {
			isa = PBXNativeTarget;
			buildConfigurationList = 021A5AF226B21AE60044300F /* Build configuration list for PBXNativeTarget "Utilities" */;
			buildPhases = (
				021A5AE826B21AE50044300F /* Headers */,
				021A5AE926B21AE50044300F /* Sources */,
				021A5AEA26B21AE50044300F /* Frameworks */,
			);
			buildRules = (
			);
			dependencies = (
			);
			name = Utilities;
			productName = Utilities;
			productReference = 021A5AEC26B21AE50044300F /* libUtilities.dylib */;
			productType = "com.apple.product-type.library.dynamic";
		};
/* End PBXNativeTarget section */

/* Begin PBXProject section */
		021A5AB526B218340044300F /* Project object */ = {
			isa = PBXProject;
			attributes = {
				BuildIndependentTargetsInParallel = 1;
				LastUpgradeCheck = 1300;
				TargetAttributes = {
					021A5ABC26B218340044300F = {
						CreatedOnToolsVersion = 13.0;
					};
					021A5AEB26B21AE50044300F = {
						CreatedOnToolsVersion = 13.0;
					};
				};
			};
			buildConfigurationList = 021A5AB826B218340044300F /* Build configuration list for PBXProject "ExtTest" */;
			compatibilityVersion = "Xcode 13.0";
			developmentRegion = en;
			hasScannedForEncodings = 0;
			knownRegions = (
				en,
				Base,
			);
			mainGroup = 021A5AB426B218340044300F;
			productRefGroup = 021A5ABE26B218340044300F /* Products */;
			projectDirPath = "";
			projectRoot = "";
			targets = (
				021A5ABC26B218340044300F /* ExtTest */,
				021A5AEB26B21AE50044300F /* Utilities */,
			);
		};
/* End PBXProject section */

/* Begin PBXSourcesBuildPhase section */
		021A5AB926B218340044300F /* Sources */ = {
			isa = PBXSourcesBuildPhase;
			buildActionMask = 2147483647;
			files = (
				021A5AC126B218340044300F /* main.m in Sources */,
			);
			runOnlyForDeploymentPostprocessing = 0;
		};
		021A5AE926B21AE50044300F /* Sources */ = {
			isa = PBXSourcesBuildPhase;
			buildActionMask = 2147483647;
			files = (
				021A5AFB26B21C8F0044300F /* NSString+Utilities.m in Sources */,
				021A5AF126B21AE60044300F /* Utilities.m in Sources */,
			);
			runOnlyForDeploymentPostprocessing = 0;
		};
/* End PBXSourcesBuildPhase section */

/* Begin PBXTargetDependency section */
		021A5AF626B21B070044300F /* PBXTargetDependency */ = {
			isa = PBXTargetDependency;
			target = 021A5AEB26B21AE50044300F /* Utilities */;
			targetProxy = 021A5AF526B21B070044300F /* PBXContainerItemProxy */;
		};
/* End PBXTargetDependency section */

/* Begin XCBuildConfiguration section */
		021A5AC226B218340044300F /* Debug */ = {
			isa = XCBuildConfiguration;
			buildSettings = {
				ALWAYS_SEARCH_USER_PATHS = NO;
				CLANG_ANALYZER_NONNULL = YES;
				CLANG_ANALYZER_NUMBER_OBJECT_CONVERSION = YES_AGGRESSIVE;
				CLANG_CXX_LANGUAGE_STANDARD = "gnu++14";
				CLANG_CXX_LIBRARY = "libc++";
				CLANG_ENABLE_MODULES = YES;
				CLANG_ENABLE_OBJC_ARC = YES;
				CLANG_ENABLE_OBJC_WEAK = YES;
				CLANG_WARN_BLOCK_CAPTURE_AUTORELEASING = YES;
				CLANG_WARN_BOOL_CONVERSION = YES;
				CLANG_WARN_COMMA = YES;
				CLANG_WARN_CONSTANT_CONVERSION = YES;
				CLANG_WARN_DEPRECATED_OBJC_IMPLEMENTATIONS = YES;
				CLANG_WARN_DIRECT_OBJC_ISA_USAGE = YES_ERROR;
				CLANG_WARN_DOCUMENTATION_COMMENTS = YES;
				CLANG_WARN_EMPTY_BODY = YES;
				CLANG_WARN_ENUM_CONVERSION = YES;
				CLANG_WARN_INFINITE_RECURSION = YES;
				CLANG_WARN_INT_CONVERSION = YES;
				CLANG_WARN_NON_LITERAL_NULL_CONVERSION = YES;
				CLANG_WARN_OBJC_IMPLICIT_RETAIN_SELF = YES;
				CLANG_WARN_OBJC_LITERAL_CONVERSION = YES;
				CLANG_WARN_OBJC_ROOT_CLASS = YES_ERROR;
				CLANG_WARN_QUOTED_INCLUDE_IN_FRAMEWORK_HEADER = YES;
				CLANG_WARN_RANGE_LOOP_ANALYSIS = YES;
				CLANG_WARN_STRICT_PROTOTYPES = YES;
				CLANG_WARN_SUSPICIOUS_MOVE = YES;
				CLANG_WARN_UNGUARDED_AVAILABILITY = YES_AGGRESSIVE;
				CLANG_WARN_UNREACHABLE_CODE = YES;
				CLANG_WARN__DUPLICATE_METHOD_MATCH = YES;
				COPY_PHASE_STRIP = NO;
				DEBUG_INFORMATION_FORMAT = dwarf;
				ENABLE_STRICT_OBJC_MSGSEND = YES;
				ENABLE_TESTABILITY = YES;
				GCC_C_LANGUAGE_STANDARD = gnu11;
				GCC_DYNAMIC_NO_PIC = NO;
				GCC_NO_COMMON_BLOCKS = YES;
				GCC_OPTIMIZATION_LEVEL = 0;
				GCC_PREPROCESSOR_DEFINITIONS = (
					"DEBUG=1",
					"$(inherited)",
				);
				GCC_WARN_64_TO_32_BIT_CONVERSION = YES;
				GCC_WARN_ABOUT_RETURN_TYPE = YES_ERROR;
				GCC_WARN_UNDECLARED_SELECTOR = YES;
				GCC_WARN_UNINITIALIZED_AUTOS = YES_AGGRESSIVE;
				GCC_WARN_UNUSED_FUNCTION = YES;
				GCC_WARN_UNUSED_VARIABLE = YES;
				MACOSX_DEPLOYMENT_TARGET = 11.5;
				MTL_ENABLE_DEBUG_INFO = INCLUDE_SOURCE;
				MTL_FAST_MATH = YES;
				ONLY_ACTIVE_ARCH = YES;
				SDKROOT = macosx;
			};
			name = Debug;
		};
		021A5AC326B218340044300F /* Release */ = {
			isa = XCBuildConfiguration;
			buildSettings = {
				ALWAYS_SEARCH_USER_PATHS = NO;
				CLANG_ANALYZER_NONNULL = YES;
				CLANG_ANALYZER_NUMBER_OBJECT_CONVERSION = YES_AGGRESSIVE;
				CLANG_CXX_LANGUAGE_STANDARD = "gnu++14";
				CLANG_CXX_LIBRARY = "libc++";
				CLANG_ENABLE_MODULES = YES;
				CLANG_ENABLE_OBJC_ARC = YES;
				CLANG_ENABLE_OBJC_WEAK = YES;
				CLANG_WARN_BLOCK_CAPTURE_AUTORELEASING = YES;
				CLANG_WARN_BOOL_CONVERSION = YES;
				CLANG_WARN_COMMA = YES;
				CLANG_WARN_CONSTANT_CONVERSION = YES;
				CLANG_WARN_DEPRECATED_OBJC_IMPLEMENTATIONS = YES;
				CLANG_WARN_DIRECT_OBJC_ISA_USAGE = YES_ERROR;
				CLANG_WARN_DOCUMENTATION_COMMENTS = YES;
				CLANG_WARN_EMPTY_BODY = YES;
				CLANG_WARN_ENUM_CONVERSION = YES;
				CLANG_WARN_INFINITE_RECURSION = YES;
				CLANG_WARN_INT_CONVERSION = YES;
				CLANG_WARN_NON_LITERAL_NULL_CONVERSION = YES;
				CLANG_WARN_OBJC_IMPLICIT_RETAIN_SELF = YES;
				CLANG_WARN_OBJC_LITERAL_CONVERSION = YES;
				CLANG_WARN_OBJC_ROOT_CLASS = YES_ERROR;
				CLANG_WARN_QUOTED_INCLUDE_IN_FRAMEWORK_HEADER = YES;
				CLANG_WARN_RANGE_LOOP_ANALYSIS = YES;
				CLANG_WARN_STRICT_PROTOTYPES = YES;
				CLANG_WARN_SUSPICIOUS_MOVE = YES;
				CLANG_WARN_UNGUARDED_AVAILABILITY = YES_AGGRESSIVE;
				CLANG_WARN_UNREACHABLE_CODE = YES;
				CLANG_WARN__DUPLICATE_METHOD_MATCH = YES;
				COPY_PHASE_STRIP = NO;
				DEBUG_INFORMATION_FORMAT = "dwarf-with-dsym";
				ENABLE_NS_ASSERTIONS = NO;
				ENABLE_STRICT_OBJC_MSGSEND = YES;
				GCC_C_LANGUAGE_STANDARD = gnu11;
				GCC_NO_COMMON_BLOCKS = YES;
				GCC_WARN_64_TO_32_BIT_CONVERSION = YES;
				GCC_WARN_ABOUT_RETURN_TYPE = YES_ERROR;
				GCC_WARN_UNDECLARED_SELECTOR = YES;
				GCC_WARN_UNINITIALIZED_AUTOS = YES_AGGRESSIVE;
				GCC_WARN_UNUSED_FUNCTION = YES;
				GCC_WARN_UNUSED_VARIABLE = YES;
				MACOSX_DEPLOYMENT_TARGET = 11.5;
				MTL_ENABLE_DEBUG_INFO = NO;
				MTL_FAST_MATH = YES;
				SDKROOT = macosx;
			};
			name = Release;
		};
		021A5AC526B218340044300F /* Debug */ = {
			isa = XCBuildConfiguration;
			buildSettings = {
				CODE_SIGN_STYLE = Automatic;
				DEVELOPMENT_TEAM = 6CBLQN7NPR;
				ENABLE_HARDENED_RUNTIME = YES;
				PRODUCT_NAME = "$(TARGET_NAME)";
			};
			name = Debug;
		};
		021A5AC626B218340044300F /* Release */ = {
			isa = XCBuildConfiguration;
			buildSettings = {
				CODE_SIGN_STYLE = Automatic;
				DEVELOPMENT_TEAM = 6CBLQN7NPR;
				ENABLE_HARDENED_RUNTIME = YES;
				PRODUCT_NAME = "$(TARGET_NAME)";
			};
			name = Release;
		};
		021A5AF326B21AE60044300F /* Debug */ = {
			isa = XCBuildConfiguration;
			buildSettings = {
				CODE_SIGN_STYLE = Automatic;
				DEVELOPMENT_TEAM = 6CBLQN7NPR;
				DYLIB_COMPATIBILITY_VERSION = 1;
				DYLIB_CURRENT_VERSION = 1;
				EXECUTABLE_PREFIX = lib;
				PRODUCT_NAME = "$(TARGET_NAME)";
				SKIP_INSTALL = YES;
			};
			name = Debug;
		};
		021A5AF426B21AE60044300F /* Release */ = {
			isa = XCBuildConfiguration;
			buildSettings = {
				CODE_SIGN_STYLE = Automatic;
				DEVELOPMENT_TEAM = 6CBLQN7NPR;
				DYLIB_COMPATIBILITY_VERSION = 1;
				DYLIB_CURRENT_VERSION = 1;
				EXECUTABLE_PREFIX = lib;
				PRODUCT_NAME = "$(TARGET_NAME)";
				SKIP_INSTALL = YES;
			};
			name = Release;
		};
/* End XCBuildConfiguration section */

/* Begin XCConfigurationList section */
		021A5AB826B218340044300F /* Build configuration list for PBXProject "ExtTest" */ = {
			isa = XCConfigurationList;
			buildConfigurations = (
				021A5AC226B218340044300F /* Debug */,
				021A5AC326B218340044300F /* Release */,
			);
			defaultConfigurationIsVisible = 0;
			defaultConfigurationName = Release;
		};
		021A5AC426B218340044300F /* Build configuration list for PBXNativeTarget "ExtTest" */ = {
			isa = XCConfigurationList;
			buildConfigurations = (
				021A5AC526B218340044300F /* Debug */,
				021A5AC626B218340044300F /* Release */,
			);
			defaultConfigurationIsVisible = 0;
			defaultConfigurationName = Release;
		};
		021A5AF226B21AE60044300F /* Build configuration list for PBXNativeTarget "Utilities" */ = {
			isa = XCConfigurationList;
			buildConfigurations = (
				021A5AF326B21AE60044300F /* Debug */,
				021A5AF426B21AE60044300F /* Release */,
			);
			defaultConfigurationIsVisible = 0;
			defaultConfigurationName = Release;
		};
/* End XCConfigurationList section */
	};
	rootObject = 021A5AB526B218340044300F /* Project object */;
}
